
Microsoft Visual Studio Solution File, Format Version 12.00
# Visual Studio Version 17
VisualStudioVersion = 17.3.32901.215
MinimumVisualStudioVersion = 10.0.40219.1
Project("{9A19103F-16F7-4668-BE54-9A1E7A4F7556}") = "BlazorPeliculas.Server", "Server\BlazorPeliculas.Server.csproj", "{052D6F4C-9726-4CF0-B45A-6A30717013AE}"
EndProject
Project("{9A19103F-16F7-4668-BE54-9A1E7A4F7556}") = "BlazorPeliculas.Client", "Client\BlazorPeliculas.Client.csproj", "{1C245384-A5A6-4565-AC0F-1981B26A3B97}"
EndProject
Project("{9A19103F-16F7-4668-BE54-9A1E7A4F7556}") = "BlazorPeliculas.Shared", "Shared\BlazorPeliculas.Shared.csproj", "{E6B811F3-9215-45C3-93C2-90E6DDA77C8C}"
EndProject
Global
	GlobalSection(SolutionConfigurationPlatforms) = preSolution
		Debug|Any CPU = Debug|Any CPU
		Release|Any CPU = Release|Any CPU
	EndGlobalSection
	GlobalSection(ProjectConfigurationPlatforms) = postSolution
		{052D6F4C-9726-4CF0-B45A-6A30717013AE}.Debug|Any CPU.ActiveCfg = Debug|Any CPU
		{052D6F4C-9726-4CF0-B45A-6A30717013AE}.Debug|Any CPU.Build.0 = Debug|Any CPU
		{052D6F4C-9726-4CF0-B45A-6A30717013AE}.Release|Any CPU.ActiveCfg = Release|Any CPU
		{052D6F4C-9726-4CF0-B45A-6A30717013AE}.Release|Any CPU.Build.0 = Release|Any CPU
		{1C245384-A5A6-4565-AC0F-1981B26A3B97}.Debug|Any CPU.ActiveCfg = Debug|Any CPU
		{1C245384-A5A6-4565-AC0F-1981B26A3B97}.Debug|Any CPU.Build.0 = Debug|Any CPU
		{1C245384-A5A6-4565-AC0F-1981B26A3B97}.Release|Any CPU.ActiveCfg = Release|Any CPU
		{1C245384-A5A6-4565-AC0F-1981B26A3B97}.Release|Any CPU.Build.0 = Release|Any CPU
		{E6B811F3-9215-45C3-93C2-90E6DDA77C8C}.Debug|Any CPU.ActiveCfg = Debug|Any CPU
		{E6B811F3-9215-45C3-93C2-90E6DDA77C8C}.Debug|Any CPU.Build.0 = Debug|Any CPU
		{E6B811F3-9215-45C3-93C2-90E6DDA77C8C}.Release|Any CPU.ActiveCfg = Release|Any CPU
		{E6B811F3-9215-45C3-93C2-90E6DDA77C8C}.Release|Any CPU.Build.0 = Release|Any CPU
	EndGlobalSection
	GlobalSection(SolutionProperties) = preSolution
		HideSolutionNode = FALSE
	EndGlobalSection
	GlobalSection(ExtensibilityGlobals) = postSolution
		SolutionGuid = {A6933B13-4DA4-4542-9483-BF6C25EABCA6}
	EndGlobalSection
EndGlobal
